#MicroXplorer Configuration settings - do not modify
File.Version=6
KeepUserPlacement=false
Mcu.Family=STM32F7
Mcu.IP0=CORTEX_M7
Mcu.IP1=NVIC
Mcu.IP2=RCC
Mcu.IP3=SYS
Mcu.IP4=USB_DEVICE
Mcu.IP5=USB_OTG_FS
Mcu.IPNb=6
Mcu.Name=STM32F767Z(G-I)Tx
Mcu.Package=LQFP144
Mcu.Pin0=PA11
Mcu.Pin1=PA12
Mcu.Pin2=VP_SYS_VS_Systick
Mcu.Pin3=VP_USB_DEVICE_VS_USB_DEVICE_CDC_FS
Mcu.PinsNb=4
Mcu.UserConstants=
Mcu.UserName=STM32F767ZITx
MxCube.Version=4.20.0
MxDb.Version=DB.4.0.200
NVIC.BusFault_IRQn=true\:0\:0\:false\:false\:true
NVIC.DebugMonitor_IRQn=true\:0\:0\:false\:false\:true
NVIC.HardFault_IRQn=true\:0\:0\:false\:false\:true
NVIC.MemoryManagement_IRQn=true\:0\:0\:false\:false\:true
NVIC.NonMaskableInt_IRQn=true\:0\:0\:false\:false\:true
NVIC.OTG_FS_IRQn=true\:0\:0\:false\:false\:true
NVIC.PendSV_IRQn=true\:0\:0\:false\:false\:true
NVIC.PriorityGroup=NVIC_PRIORITYGROUP_4
NVIC.SVCall_IRQn=true\:0\:0\:false\:false\:true
NVIC.SysTick_IRQn=true\:1\:0\:true\:false\:true
NVIC.UsageFault_IRQn=true\:0\:0\:false\:false\:true
PA11.Mode=Device_Only
PA11.Signal=USB_OTG_FS_DM
PA12.Mode=Device_Only
PA12.Signal=USB_OTG_FS_DP
PCC.Checker=false
PCC.Line=STM32F7x7
PCC.MCU=STM32F767Z(G-I)Tx
PCC.MXVersion=4.20.0
PCC.PartNumber=STM32F767ZITx
PCC.Seq0=0
PCC.Series=STM32F7
PCC.Temperature=25
PCC.Vdd=3.3
ProjectManager.AskForMigrate=true
ProjectManager.BackupPrevious=false
ProjectManager.CompilerOptimize=2
ProjectManager.ComputerToolchain=false
ProjectManager.CoupleFile=false
ProjectManager.CustomerFirmwarePackage=C\:/Users/V/STM32Cube/Repository/STM32Cube_FW_F7_V1.6.0
ProjectManager.DefaultFWLocation=true
ProjectManager.DeletePrevious=true
ProjectManager.DeviceId=STM32F767ZITx
ProjectManager.FirmwarePackage=STM32Cube FW_F7 V1.6.0
ProjectManager.FreePins=false
ProjectManager.HalAssertFull=false
ProjectManager.HeapSize=0x200
ProjectManager.KeepUserCode=true
ProjectManager.LastFirmware=true
ProjectManager.LibraryCopy=1
ProjectManager.PreviousToolchain=TrueSTUDIO
ProjectManager.ProjectBuild=false
ProjectManager.ProjectFileName=usb_vcp.ioc
ProjectManager.ProjectName=usb_vcp
ProjectManager.StackSize=0x400
ProjectManager.TargetToolchain=TrueSTUDIO
ProjectManager.ToolChainLocation=
ProjectManager.UnderRoot=true
ProjectManager.functionlistsort=1-MX_GPIO_Init-GPIO-false-HAL,2-SystemClock_Config-RCC-false-HAL,3-MX_USB_DEVICE_Init-USB_DEVICE-false-HAL
RCC.AHBCLKDivider=RCC_SYSCLK_DIV1
RCC.AHBFreq_Value=216000000
RCC.APB1CLKDivider=RCC_HCLK_DIV4
RCC.APB1Freq_Value=54000000
RCC.APB1TimFreq_Value=108000000
RCC.APB2CLKDivider=RCC_HCLK_DIV2
RCC.APB2Freq_Value=108000000
RCC.APB2TimFreq_Value=216000000
RCC.CECEnable=false
RCC.CECFreq_Value=32786.88524590164
RCC.ClockTypeHCLK=RCC_CLOCKTYPE_HCLK
RCC.ClockTypePCLK1=RCC_CLOCKTYPE_PCLK1
RCC.ClockTypePCLK2=RCC_CLOCKTYPE_PCLK2
RCC.ClockTypeSysClk=RCC_CLOCKTYPE_SYSCLK
RCC.CortexFreq_Value=216000000
RCC.Cortex_Div=SYSTICK_CLKSOURCE_HCLK
RCC.DFSDMAudioFreq_Value=96000000
RCC.DFSDMFreq_Value=108000000
RCC.EnableHSE=false
RCC.EnableHSERTCDevisor=false
RCC.EnableLSE=false
RCC.EnableLSERTC=false
RCC.EnbaleCSS=false
RCC.EthernetFreq_Value=216000000
RCC.ExtClockEnable=false
RCC.FCLKCortexFreq_Value=216000000
RCC.FLatency=FLASH_LATENCY_7
RCC.FamilyName=M
RCC.HCLKFreq_Value=216000000
RCC.HSEState=RCC_HSE_OFF
RCC.HSE_VALUE=25000000
RCC.HSIState=RCC_HSI_ON
RCC.HSI_VALUE=16000000
RCC.I2C1Enable=false
RCC.I2C1Freq_Value=54000000
RCC.I2C2Enable=false
RCC.I2C2Freq_Value=54000000
RCC.I2C3Enable=false
RCC.I2C3Freq_Value=54000000
RCC.I2C4Enable=false
RCC.I2C4Freq_Value=54000000
RCC.I2SEnable=false
RCC.I2SFreq_Value=96000000
RCC.IPParameters=AHBCLKDivider,AHBFreq_Value,APB1CLKDivider,APB1Freq_Value,APB1TimFreq_Value,APB2CLKDivider,APB2Freq_Value,APB2TimFreq_Value,CECEnable,CECFreq_Value,ClockTypeHCLK,ClockTypePCLK1,ClockTypePCLK2,ClockTypeSysClk,CortexFreq_Value,Cortex_Div,DFSDMAudioFreq_Value,DFSDMFreq_Value,EnableHSE,EnableHSERTCDevisor,EnableLSE,EnableLSERTC,EnbaleCSS,EthernetFreq_Value,ExtClockEnable,FCLKCortexFreq_Value,FLatency,FamilyName,HCLKFreq_Value,HSEState,HSE_VALUE,HSIState,HSI_VALUE,I2C1Enable,I2C1Freq_Value,I2C2Enable,I2C2Freq_Value,I2C3Enable,I2C3Freq_Value,I2C4Enable,I2C4Freq_Value,I2SEnable,I2SFreq_Value,LCDEnable,LCDTFTFreq_Value,LPTIM1Enable,LPTIM1Freq_Value,LSE_VALUE,LSIState,LSI_VALUE,MCO1OutPutEnable,MCO2I2SEnable,MCO2OutPutEnable,MCO2PinFreq_Value,OscillatorTypeHSE,OscillatorTypeHSI,OscillatorTypeLSI,PLL48CLockSelection,PLLCLKFreq_Value,PLLI2SP,PLLI2SPCLKFreq_Value,PLLI2SQCLKFreq_Value,PLLI2SRCLKFreq_Value,PLLI2SRoutputFreq_Value,PLLN,PLLP,PLLQ,PLLQCLKFreq_Value,PLLQoutputFreq_Value,PLLRFreq_Value,PLLSAIP,PLLSAIPCLKFreq_Value,PLLSAIQCLKFreq_Value,PLLSAIRCLKFreq_Value,PLLSAIRDiv,PLLSAIoutputFreq_Value,PLLSource,PLLSourceVirtual,PLLSourceVirtualString,PLLState,PWREXT_OverDrive,PWR_Regulator_Voltage_Scale,RCC_MCODiv1,RCC_MCODiv2,RCC_PERIPHCLK_USBVar,RCC_RTC_Clock_Source_FROM_HSE,RCC_TIM_PRescaler_Selection,RNGFreq_Value,RTCEnable,SAI1Enable,SAI1Freq_Value,SAI2Enable,SAI2Freq_Value,SDMMC1Enable,SDMMC2Freq_Value,SDMMCFreq_Value,SPDIFEnable,SPDIFRXFreq_Value,SYSCLKFreq_VALUE,SYSCLKSource,UART4Enable,UART4Freq_Value,UART5Enable,UART5Freq_Value,UART7Enable,UART7Freq_Value,UART8Enable,UART8Freq_Value,USART1Enable,USART1Freq_Value,USART2Enable,USART2Freq_Value,USART3Enable,USART3Freq_Value,USART6Enable,USART6Freq_Value,USBEnable,USBFreq_Value,VCOI2SOutputFreq_Value,VCOInputFreq_Value,VCOOutputFreq_Value,VCOSAIOutputFreq_Value
RCC.LCDEnable=false
RCC.LCDTFTFreq_Value=48000000
RCC.LPTIM1Enable=false
RCC.LPTIM1Freq_Value=54000000
RCC.LSE_VALUE=32768
RCC.LSIState=RCC_LSI_OFF
RCC.LSI_VALUE=32000
RCC.MCO1OutPutEnable=false
RCC.MCO2I2SEnable=false
RCC.MCO2OutPutEnable=false
RCC.MCO2PinFreq_Value=216000000
RCC.OscillatorTypeHSE=
RCC.OscillatorTypeHSI=RCC_OSCILLATORTYPE_HSI
RCC.OscillatorTypeLSI=
RCC.PLL48CLockSelection=RCC_CLK48SOURCE_PLL
RCC.PLLCLKFreq_Value=216000000
RCC.PLLI2SP=RCC_PLLP_DIV2
RCC.PLLI2SPCLKFreq_Value=96000000
RCC.PLLI2SQCLKFreq_Value=96000000
RCC.PLLI2SRCLKFreq_Value=96000000
RCC.PLLI2SRoutputFreq_Value=96000000
RCC.PLLN=432
RCC.PLLP=RCC_PLLP_DIV2
RCC.PLLQ=9
RCC.PLLQCLKFreq_Value=48000000
RCC.PLLQoutputFreq_Value=48000000
RCC.PLLRFreq_Value=216000000
RCC.PLLSAIP=RCC_PLLSAIP_DIV2
RCC.PLLSAIPCLKFreq_Value=96000000
RCC.PLLSAIQCLKFreq_Value=96000000
RCC.PLLSAIRCLKFreq_Value=96000000
RCC.PLLSAIRDiv=RCC_PLLSAIDIVR_2
RCC.PLLSAIoutputFreq_Value=96000000
RCC.PLLSource=RCC_PLLSOURCE_HSI
RCC.PLLSourceVirtual=RCC_PLLSOURCE_HSE
RCC.PLLSourceVirtualString=RCC_PLLSOURCE_HSI
RCC.PLLState=RCC_PLL_ON
RCC.PWREXT_OverDrive=PWREXT_OverDrive_ACTIVATED
RCC.PWR_Regulator_Voltage_Scale=PWR_REGULATOR_VOLTAGE_SCALE1
RCC.RCC_MCODiv1=RCC_MCODIV_1
RCC.RCC_MCODiv2=RCC_MCODIV_1
RCC.RCC_PERIPHCLK_USBVar=RCC_PERIPHCLK_CLK48
RCC.RCC_RTC_Clock_Source_FROM_HSE=RCC_RTCCLKSOURCE_HSE_DIV2
RCC.RCC_TIM_PRescaler_Selection=RCC_TIMPRES_DESACTIVATED
RCC.RNGFreq_Value=48000000
RCC.RTCEnable=false
RCC.SAI1Enable=false
RCC.SAI1Freq_Value=96000000
RCC.SAI2Enable=false
RCC.SAI2Freq_Value=96000000
RCC.SDMMC1Enable=false
RCC.SDMMC2Freq_Value=216000000
RCC.SDMMCFreq_Value=216000000
RCC.SPDIFEnable=false
RCC.SPDIFRXFreq_Value=96000000
RCC.SYSCLKFreq_VALUE=216000000
RCC.SYSCLKSource=RCC_SYSCLKSOURCE_PLLCLK
RCC.UART4Enable=false
RCC.UART4Freq_Value=54000000
RCC.UART5Enable=false
RCC.UART5Freq_Value=54000000
RCC.UART7Enable=false
RCC.UART7Freq_Value=54000000
RCC.UART8Enable=false
RCC.UART8Freq_Value=54000000
RCC.USART1Enable=false
RCC.USART1Freq_Value=108000000
RCC.USART2Enable=false
RCC.USART2Freq_Value=54000000
RCC.USART3Enable=false
RCC.USART3Freq_Value=54000000
RCC.USART6Enable=false
RCC.USART6Freq_Value=108000000
RCC.USBEnable=true
RCC.USBFreq_Value=48000000
RCC.VCOI2SOutputFreq_Value=192000000
RCC.VCOInputFreq_Value=1000000
RCC.VCOOutputFreq_Value=432000000
RCC.VCOSAIOutputFreq_Value=192000000
USB_DEVICE.CLASS_NAME_FS=CDC
USB_DEVICE.IPParameters=VirtualModeFS,USBD_HandleTypeDef_FS,CLASS_NAME_FS
USB_DEVICE.USBD_HandleTypeDef_FS=hUsbDevice_OTG_FS
USB_DEVICE.VirtualModeFS=Cdc_FS
USB_OTG_FS.IPParameters=dev_endpoints,VirtualMode,phy_itface,vbus_sensing_enable
USB_OTG_FS.VirtualMode=Device_Only
USB_OTG_FS.dev_endpoints=6
USB_OTG_FS.phy_itface=PCD_PHY_EMBEDDED
USB_OTG_FS.vbus_sensing_enable=DISABLE
VP_SYS_VS_Systick.Mode=SysTick
VP_SYS_VS_Systick.Signal=SYS_VS_Systick
VP_USB_DEVICE_VS_USB_DEVICE_CDC_FS.Mode=CDC_FS
VP_USB_DEVICE_VS_USB_DEVICE_CDC_FS.Signal=USB_DEVICE_VS_USB_DEVICE_CDC_FS
board=usb_vcp
