#MicroXplorer Configuration settings - do not modify
DAC.DAC_Channel=DAC_CHANNEL_1
DAC.DAC_Trigger=DAC_TRIGGER_T6_TRGO
DAC.IPParameters=DAC_Channel,WaveGeneration,DAC_Trigger
DAC.WaveGeneration=DISABLE
Dma.DAC1.0.Direction=DMA_MEMORY_TO_PERIPH
Dma.DAC1.0.FIFOMode=DMA_FIFOMODE_DISABLE
Dma.DAC1.0.Instance=DMA1_Stream5
Dma.DAC1.0.MemDataAlignment=DMA_MDATAALIGN_HALFWORD
Dma.DAC1.0.MemInc=DMA_MINC_ENABLE
Dma.DAC1.0.Mode=DMA_CIRCULAR
Dma.DAC1.0.PeriphDataAlignment=DMA_PDATAALIGN_HALFWORD
Dma.DAC1.0.PeriphInc=DMA_PINC_DISABLE
Dma.DAC1.0.Priority=DMA_PRIORITY_LOW
Dma.DAC1.0.RequestParameters=Instance,Direction,PeriphInc,MemInc,PeriphDataAlignment,MemDataAlignment,Mode,Priority,FIFOMode
Dma.Request0=DAC1
Dma.RequestsNb=1
File.Version=6
KeepUserPlacement=false
Mcu.Family=STM32F7
Mcu.IP0=CORTEX_M7
Mcu.IP1=DAC
Mcu.IP2=DMA
Mcu.IP3=NVIC
Mcu.IP4=RCC
Mcu.IP5=TIM6
Mcu.IPNb=6
Mcu.Name=STM32F767Z(G-I)Tx
Mcu.Package=LQFP144
Mcu.Pin0=PA4
Mcu.Pin1=VP_TIM6_VS_ClockSourceINT
Mcu.PinsNb=2
Mcu.UserConstants=
Mcu.UserName=STM32F767ZITx
MxCube.Version=4.20.0
MxDb.Version=DB.4.0.200
NVIC.BusFault_IRQn=true\:0\:0\:false\:false\:true
NVIC.DMA1_Stream5_IRQn=true\:0\:0\:false\:false\:true
NVIC.DebugMonitor_IRQn=true\:0\:0\:false\:false\:true
NVIC.HardFault_IRQn=true\:0\:0\:false\:false\:true
NVIC.MemoryManagement_IRQn=true\:0\:0\:false\:false\:true
NVIC.NonMaskableInt_IRQn=true\:0\:0\:false\:false\:true
NVIC.PendSV_IRQn=true\:0\:0\:false\:false\:true
NVIC.PriorityGroup=NVIC_PRIORITYGROUP_4
NVIC.SVCall_IRQn=true\:0\:0\:false\:false\:true
NVIC.SysTick_IRQn=true\:0\:0\:false\:false\:true
NVIC.TIM6_DAC_IRQn=true\:0\:0\:false\:false\:true
NVIC.UsageFault_IRQn=true\:0\:0\:false\:false\:true
PA4.Signal=COMP_DAC1_group
PCC.Checker=false
PCC.Line=STM32F7x7
PCC.MCU=STM32F767Z(G-I)Tx
PCC.MXVersion=4.20.0
PCC.PartNumber=STM32F767ZITx
PCC.Seq0=0
PCC.Series=STM32F7
PCC.Temperature=25
PCC.Vdd=3.3
ProjectManager.AskForMigrate=true
ProjectManager.BackupPrevious=false
ProjectManager.CompilerOptimize=2
ProjectManager.ComputerToolchain=false
ProjectManager.CoupleFile=false
ProjectManager.CustomerFirmwarePackage=C\:/Users/V/STM32Cube/Repository/STM32Cube_FW_F7_V1.6.0
ProjectManager.DefaultFWLocation=true
ProjectManager.DeletePrevious=true
ProjectManager.DeviceId=STM32F767ZITx
ProjectManager.FirmwarePackage=STM32Cube FW_F7 V1.6.0
ProjectManager.FreePins=false
ProjectManager.HalAssertFull=false
ProjectManager.HeapSize=0x200
ProjectManager.KeepUserCode=true
ProjectManager.LastFirmware=true
ProjectManager.LibraryCopy=1
ProjectManager.PreviousToolchain=TrueSTUDIO
ProjectManager.ProjectBuild=false
ProjectManager.ProjectFileName=dac_dma_timer.ioc
ProjectManager.ProjectName=dac_dma_timer
ProjectManager.StackSize=0x400
ProjectManager.TargetToolchain=TrueSTUDIO
ProjectManager.ToolChainLocation=
ProjectManager.UnderRoot=true
ProjectManager.functionlistsort=1-MX_GPIO_Init-GPIO-false-HAL,2-MX_DMA_Init-DMA-false-HAL,3-SystemClock_Config-RCC-false-HAL,4-MX_TIM6_Init-TIM6-false-HAL,5-MX_DAC_Init-DAC-false-HAL
RCC.CECEnable=false
RCC.CECFreq_Value=32786.88524590164
RCC.ClockTypeHCLK=RCC_CLOCKTYPE_HCLK
RCC.ClockTypePCLK1=RCC_CLOCKTYPE_PCLK1
RCC.ClockTypePCLK2=RCC_CLOCKTYPE_PCLK2
RCC.ClockTypeSysClk=RCC_CLOCKTYPE_SYSCLK
RCC.DFSDMFreq_Value=16000000
RCC.EnableHSE=false
RCC.EnableHSERTCDevisor=false
RCC.EnableLSE=false
RCC.EnableLSERTC=false
RCC.EnbaleCSS=false
RCC.ExtClockEnable=false
RCC.FamilyName=M
RCC.HSEState=RCC_HSE_OFF
RCC.HSE_VALUE=25000000
RCC.HSIState=RCC_HSI_ON
RCC.HSI_VALUE=16000000
RCC.I2C1Enable=false
RCC.I2C2Enable=false
RCC.I2C3Enable=false
RCC.I2C4Enable=false
RCC.I2SEnable=false
RCC.I2SFreq_Value=96000000
RCC.IPParameters=CECEnable,CECFreq_Value,ClockTypeHCLK,ClockTypePCLK1,ClockTypePCLK2,ClockTypeSysClk,DFSDMFreq_Value,EnableHSE,EnableHSERTCDevisor,EnableLSE,EnableLSERTC,EnbaleCSS,ExtClockEnable,FamilyName,HSEState,HSE_VALUE,HSIState,HSI_VALUE,I2C1Enable,I2C2Enable,I2C3Enable,I2C4Enable,I2SEnable,I2SFreq_Value,LCDEnable,LCDTFTFreq_Value,LPTIM1Enable,LSE_VALUE,LSIState,LSI_VALUE,MCO1OutPutEnable,MCO2I2SEnable,MCO2OutPutEnable,OscillatorTypeHSE,OscillatorTypeHSI,OscillatorTypeLSI,PLLCLKFreq_Value,PLLI2SPCLKFreq_Value,PLLI2SQCLKFreq_Value,PLLI2SRCLKFreq_Value,PLLQCLKFreq_Value,PLLSAIPCLKFreq_Value,PLLSAIQCLKFreq_Value,PLLSAIRCLKFreq_Value,PLLSAIoutputFreq_Value,PLLState,RNGFreq_Value,RTCEnable,SAI1Enable,SAI1Freq_Value,SAI2Enable,SAI2Freq_Value,SDMMC1Enable,SDMMC2Freq_Value,SDMMCFreq_Value,SPDIFEnable,SPDIFRXFreq_Value,UART4Enable,UART5Enable,UART7Enable,UART8Enable,USART1Enable,USART2Enable,USART3Enable,USART6Enable,USBEnable,USBFreq_Value,VCOI2SOutputFreq_Value,VCOInputFreq_Value,VCOOutputFreq_Value,VCOSAIOutputFreq_Value
RCC.LCDEnable=false
RCC.LCDTFTFreq_Value=48000000
RCC.LPTIM1Enable=false
RCC.LSE_VALUE=32768
RCC.LSIState=RCC_LSI_OFF
RCC.LSI_VALUE=32000
RCC.MCO1OutPutEnable=false
RCC.MCO2I2SEnable=false
RCC.MCO2OutPutEnable=false
RCC.OscillatorTypeHSE=
RCC.OscillatorTypeHSI=RCC_OSCILLATORTYPE_HSI
RCC.OscillatorTypeLSI=
RCC.PLLCLKFreq_Value=96000000
RCC.PLLI2SPCLKFreq_Value=96000000
RCC.PLLI2SQCLKFreq_Value=96000000
RCC.PLLI2SRCLKFreq_Value=96000000
RCC.PLLQCLKFreq_Value=96000000
RCC.PLLSAIPCLKFreq_Value=96000000
RCC.PLLSAIQCLKFreq_Value=96000000
RCC.PLLSAIRCLKFreq_Value=96000000
RCC.PLLSAIoutputFreq_Value=96000000
RCC.PLLState=RCC_PLL_OFF
RCC.RNGFreq_Value=96000000
RCC.RTCEnable=false
RCC.SAI1Enable=false
RCC.SAI1Freq_Value=96000000
RCC.SAI2Enable=false
RCC.SAI2Freq_Value=96000000
RCC.SDMMC1Enable=false
RCC.SDMMC2Freq_Value=16000000
RCC.SDMMCFreq_Value=16000000
RCC.SPDIFEnable=false
RCC.SPDIFRXFreq_Value=96000000
RCC.UART4Enable=false
RCC.UART5Enable=false
RCC.UART7Enable=false
RCC.UART8Enable=false
RCC.USART1Enable=false
RCC.USART2Enable=false
RCC.USART3Enable=false
RCC.USART6Enable=false
RCC.USBEnable=false
RCC.USBFreq_Value=96000000
RCC.VCOI2SOutputFreq_Value=192000000
RCC.VCOInputFreq_Value=1000000
RCC.VCOOutputFreq_Value=192000000
RCC.VCOSAIOutputFreq_Value=192000000
SH.COMP_DAC1_group.0=DAC_OUT1,DAC_OUT1
SH.COMP_DAC1_group.ConfNb=1
TIM6.IPParameters=TIM_MasterSlaveMode,Prescaler,Period,TIM_MasterOutputTrigger
TIM6.Period=1
TIM6.Prescaler=215
TIM6.TIM_MasterOutputTrigger=TIM_TRGO_UPDATE
TIM6.TIM_MasterSlaveMode=TIM_MASTERSLAVEMODE_DISABLE
VP_TIM6_VS_ClockSourceINT.Mode=Enable_Timer
VP_TIM6_VS_ClockSourceINT.Signal=TIM6_VS_ClockSourceINT
board=dac_dma_timer
